{
  "version": 4,
  "terraform_version": "1.9.7",
  "serial": 22,
  "lineage": "b586c9a3-6a16-79f5-e8fb-3afbd75e167d",
  "outputs": {
    "alb_dns_name": {
      "value": "dev-blog-alb-786537851.us-east-2.elb.amazonaws.com",
      "type": "string"
    }
  },
  "resources": [
    {
      "mode": "data",
      "type": "aws_ami",
      "name": "app_ami",
      "provider": "provider[\"registry.terraform.io/hashicorp/aws\"]",
      "instances": [
        {
          "schema_version": 0,
          "attributes": {
            "architecture": "x86_64",
            "arn": "arn:aws:ec2:us-east-2::image/ami-01e2928a6d09ed88d",
            "block_device_mappings": [
              {
                "device_name": "/dev/sdb",
                "ebs": {},
                "no_device": "",
                "virtual_name": "ephemeral0"
              },
              {
                "device_name": "/dev/sdc",
                "ebs": {},
                "no_device": "",
                "virtual_name": "ephemeral1"
              },
              {
                "device_name": "/dev/sdd",
                "ebs": {},
                "no_device": "",
                "virtual_name": "ephemeral2"
              },
              {
                "device_name": "/dev/sde",
                "ebs": {},
                "no_device": "",
                "virtual_name": "ephemeral3"
              },
              {
                "device_name": "/dev/xvda",
                "ebs": {
                  "delete_on_termination": "true",
                  "encrypted": "false",
                  "iops": "0",
                  "snapshot_id": "snap-028833ea069894798",
                  "throughput": "0",
                  "volume_size": "10",
                  "volume_type": "gp2"
                },
                "no_device": "",
                "virtual_name": ""
              }
            ],
            "boot_mode": "",
            "creation_date": "2024-10-09T07:59:44.000Z",
            "deprecation_time": "2026-10-09T07:59:44.000Z",
            "description": "Bitnami package for Apache Tomcat 9.0.96-0 (https://bitnami.com/stack/tomcat/cloud/aws)",
            "ena_support": true,
            "executable_users": null,
            "filter": [
              {
                "name": "name",
                "values": [
                  "bitnami-tomcat-*-x86_64-hvm-ebs-nami"
                ]
              },
              {
                "name": "virtualization-type",
                "values": [
                  "hvm"
                ]
              }
            ],
            "hypervisor": "xen",
            "id": "ami-01e2928a6d09ed88d",
            "image_id": "ami-01e2928a6d09ed88d",
            "image_location": "979382823631/bitnami-tomcat-9.0.96-0-linux-debian-12-x86_64-hvm-ebs-nami",
            "image_owner_alias": "",
            "image_type": "machine",
            "imds_support": "",
            "include_deprecated": false,
            "kernel_id": "",
            "most_recent": true,
            "name": "bitnami-tomcat-9.0.96-0-linux-debian-12-x86_64-hvm-ebs-nami",
            "name_regex": null,
            "owner_id": "979382823631",
            "owners": [
              "979382823631"
            ],
            "platform": "",
            "platform_details": "Linux/UNIX",
            "product_codes": [],
            "public": true,
            "ramdisk_id": "",
            "root_device_name": "/dev/xvda",
            "root_device_type": "ebs",
            "root_snapshot_id": "snap-028833ea069894798",
            "sriov_net_support": "simple",
            "state": "available",
            "state_reason": {
              "code": "UNSET",
              "message": "UNSET"
            },
            "tags": {},
            "timeouts": null,
            "tpm_support": "",
            "usage_operation": "RunInstances",
            "virtualization_type": "hvm"
          },
          "sensitive_attributes": []
        }
      ]
    },
    {
      "mode": "managed",
      "type": "aws_autoscaling_attachment",
      "name": "auto_to_targ",
      "provider": "provider[\"registry.terraform.io/hashicorp/aws\"]",
      "instances": [
        {
          "schema_version": 0,
          "attributes": {
            "autoscaling_group_name": "dev-blog",
            "elb": null,
            "id": "dev-blog-20241014014743104500000004",
            "lb_target_group_arn": "arn:aws:elasticloadbalancing:us-east-2:858299572191:targetgroup/dev-blog-tg/77a0579029b20ee5"
          },
          "sensitive_attributes": [],
          "private": "bnVsbA==",
          "dependencies": [
            "aws_autoscaling_group.blog_asg",
            "aws_launch_template.blog_template",
            "aws_lb_target_group.blog_tg",
            "aws_security_group.sg_lb",
            "aws_security_group.sg_web",
            "data.aws_ami.app_ami",
            "module.blog_vpc.aws_cloudwatch_log_group.flow_log",
            "module.blog_vpc.aws_customer_gateway.this",
            "module.blog_vpc.aws_db_subnet_group.database",
            "module.blog_vpc.aws_default_network_acl.this",
            "module.blog_vpc.aws_default_route_table.default",
            "module.blog_vpc.aws_default_security_group.this",
            "module.blog_vpc.aws_default_vpc.this",
            "module.blog_vpc.aws_egress_only_internet_gateway.this",
            "module.blog_vpc.aws_eip.nat",
            "module.blog_vpc.aws_elasticache_subnet_group.elasticache",
            "module.blog_vpc.aws_flow_log.this",
            "module.blog_vpc.aws_iam_policy.vpc_flow_log_cloudwatch",
            "module.blog_vpc.aws_iam_role.vpc_flow_log_cloudwatch",
            "module.blog_vpc.aws_iam_role_policy_attachment.vpc_flow_log_cloudwatch",
            "module.blog_vpc.aws_internet_gateway.this",
            "module.blog_vpc.aws_nat_gateway.this",
            "module.blog_vpc.aws_network_acl.database",
            "module.blog_vpc.aws_network_acl.elasticache",
            "module.blog_vpc.aws_network_acl.intra",
            "module.blog_vpc.aws_network_acl.outpost",
            "module.blog_vpc.aws_network_acl.private",
            "module.blog_vpc.aws_network_acl.public",
            "module.blog_vpc.aws_network_acl.redshift",
            "module.blog_vpc.aws_network_acl_rule.database_inbound",
            "module.blog_vpc.aws_network_acl_rule.database_outbound",
            "module.blog_vpc.aws_network_acl_rule.elasticache_inbound",
            "module.blog_vpc.aws_network_acl_rule.elasticache_outbound",
            "module.blog_vpc.aws_network_acl_rule.intra_inbound",
            "module.blog_vpc.aws_network_acl_rule.intra_outbound",
            "module.blog_vpc.aws_network_acl_rule.outpost_inbound",
            "module.blog_vpc.aws_network_acl_rule.outpost_outbound",
            "module.blog_vpc.aws_network_acl_rule.private_inbound",
            "module.blog_vpc.aws_network_acl_rule.private_outbound",
            "module.blog_vpc.aws_network_acl_rule.public_inbound",
            "module.blog_vpc.aws_network_acl_rule.public_outbound",
            "module.blog_vpc.aws_network_acl_rule.redshift_inbound",
            "module.blog_vpc.aws_network_acl_rule.redshift_outbound",
            "module.blog_vpc.aws_redshift_subnet_group.redshift",
            "module.blog_vpc.aws_route.database_dns64_nat_gateway",
            "module.blog_vpc.aws_route.database_internet_gateway",
            "module.blog_vpc.aws_route.database_ipv6_egress",
            "module.blog_vpc.aws_route.database_nat_gateway",
            "module.blog_vpc.aws_route.private_dns64_nat_gateway",
            "module.blog_vpc.aws_route.private_ipv6_egress",
            "module.blog_vpc.aws_route.private_nat_gateway",
            "module.blog_vpc.aws_route.public_internet_gateway",
            "module.blog_vpc.aws_route.public_internet_gateway_ipv6",
            "module.blog_vpc.aws_route_table.database",
            "module.blog_vpc.aws_route_table.elasticache",
            "module.blog_vpc.aws_route_table.intra",
            "module.blog_vpc.aws_route_table.private",
            "module.blog_vpc.aws_route_table.public",
            "module.blog_vpc.aws_route_table.redshift",
            "module.blog_vpc.aws_route_table_association.database",
            "module.blog_vpc.aws_route_table_association.elasticache",
            "module.blog_vpc.aws_route_table_association.intra",
            "module.blog_vpc.aws_route_table_association.outpost",
            "module.blog_vpc.aws_route_table_association.private",
            "module.blog_vpc.aws_route_table_association.public",
            "module.blog_vpc.aws_route_table_association.redshift",
            "module.blog_vpc.aws_route_table_association.redshift_public",
            "module.blog_vpc.aws_subnet.database",
            "module.blog_vpc.aws_subnet.elasticache",
            "module.blog_vpc.aws_subnet.intra",
            "module.blog_vpc.aws_subnet.outpost",
            "module.blog_vpc.aws_subnet.private",
            "module.blog_vpc.aws_subnet.public",
            "module.blog_vpc.aws_subnet.redshift",
            "module.blog_vpc.aws_vpc.this",
            "module.blog_vpc.aws_vpc_dhcp_options.this",
            "module.blog_vpc.aws_vpc_dhcp_options_association.this",
            "module.blog_vpc.aws_vpc_ipv4_cidr_block_association.this",
            "module.blog_vpc.aws_vpn_gateway.this",
            "module.blog_vpc.aws_vpn_gateway_attachment.this",
            "module.blog_vpc.aws_vpn_gateway_route_propagation.intra",
            "module.blog_vpc.aws_vpn_gateway_route_propagation.private",
            "module.blog_vpc.aws_vpn_gateway_route_propagation.public",
            "module.blog_vpc.data.aws_caller_identity.current",
            "module.blog_vpc.data.aws_iam_policy_document.flow_log_cloudwatch_assume_role",
            "module.blog_vpc.data.aws_iam_policy_document.vpc_flow_log_cloudwatch",
            "module.blog_vpc.data.aws_partition.current",
            "module.blog_vpc.data.aws_region.current"
          ]
        }
      ]
    },
    {
      "mode": "managed",
      "type": "aws_autoscaling_group",
      "name": "blog_asg",
      "provider": "provider[\"registry.terraform.io/hashicorp/aws\"]",
      "instances": [
        {
          "schema_version": 1,
          "attributes": {
            "arn": "arn:aws:autoscaling:us-east-2:858299572191:autoScalingGroup:dc0bdb1c-5529-4be0-9799-47c79571226e:autoScalingGroupName/dev-blog",
            "availability_zones": [
              "us-east-2a",
              "us-east-2b",
              "us-east-2c"
            ],
            "capacity_rebalance": false,
            "context": "",
            "default_cooldown": 300,
            "default_instance_warmup": 0,
            "desired_capacity": 2,
            "desired_capacity_type": "",
            "enabled_metrics": null,
            "force_delete": false,
            "force_delete_warm_pool": false,
            "health_check_grace_period": 300,
            "health_check_type": "EC2",
            "id": "dev-blog",
            "ignore_failed_scaling_activities": false,
            "initial_lifecycle_hook": [],
            "instance_maintenance_policy": [],
            "instance_refresh": [
              {
                "preferences": [
                  {
                    "alarm_specification": [],
                    "auto_rollback": false,
                    "checkpoint_delay": "",
                    "checkpoint_percentages": null,
                    "instance_warmup": "",
                    "max_healthy_percentage": 100,
                    "min_healthy_percentage": 50,
                    "scale_in_protected_instances": "Ignore",
                    "skip_matching": false,
                    "standby_instances": "Ignore"
                  }
                ],
                "strategy": "Rolling",
                "triggers": [
                  "tag"
                ]
              }
            ],
            "launch_configuration": "",
            "launch_template": [
              {
                "id": "lt-067aecf299fb4e660",
                "name": "dev-20241014014717111800000002",
                "version": "1"
              }
            ],
            "load_balancers": [],
            "max_instance_lifetime": 0,
            "max_size": 4,
            "metrics_granularity": "1Minute",
            "min_elb_capacity": null,
            "min_size": 1,
            "mixed_instances_policy": [],
            "name": "dev-blog",
            "name_prefix": "",
            "placement_group": "",
            "predicted_capacity": 0,
            "protect_from_scale_in": false,
            "service_linked_role_arn": "arn:aws:iam::858299572191:role/aws-service-role/autoscaling.amazonaws.com/AWSServiceRoleForAutoScaling",
            "suspended_processes": null,
            "tag": [
              {
                "key": "Environment",
                "propagate_at_launch": true,
                "value": "dev"
              }
            ],
            "target_group_arns": [],
            "termination_policies": null,
            "timeouts": null,
            "traffic_source": [],
            "vpc_zone_identifier": [
              "subnet-0094c589419defb13",
              "subnet-041ef447b400233de",
              "subnet-05ce405fbfe2a3603"
            ],
            "wait_for_capacity_timeout": "10m",
            "wait_for_elb_capacity": null,
            "warm_pool": [],
            "warm_pool_size": 0
          },
          "sensitive_attributes": [],
          "private": "eyJlMmJmYjczMC1lY2FhLTExZTYtOGY4OC0zNDM2M2JjN2M0YzAiOnsiZGVsZXRlIjo2MDAwMDAwMDAwMDAsInVwZGF0ZSI6NjAwMDAwMDAwMDAwfSwic2NoZW1hX3ZlcnNpb24iOiIxIn0=",
          "dependencies": [
            "aws_launch_template.blog_template",
            "aws_security_group.sg_lb",
            "aws_security_group.sg_web",
            "data.aws_ami.app_ami",
            "module.blog_vpc.aws_cloudwatch_log_group.flow_log",
            "module.blog_vpc.aws_customer_gateway.this",
            "module.blog_vpc.aws_db_subnet_group.database",
            "module.blog_vpc.aws_default_network_acl.this",
            "module.blog_vpc.aws_default_route_table.default",
            "module.blog_vpc.aws_default_security_group.this",
            "module.blog_vpc.aws_default_vpc.this",
            "module.blog_vpc.aws_egress_only_internet_gateway.this",
            "module.blog_vpc.aws_eip.nat",
            "module.blog_vpc.aws_elasticache_subnet_group.elasticache",
            "module.blog_vpc.aws_flow_log.this",
            "module.blog_vpc.aws_iam_policy.vpc_flow_log_cloudwatch",
            "module.blog_vpc.aws_iam_role.vpc_flow_log_cloudwatch",
            "module.blog_vpc.aws_iam_role_policy_attachment.vpc_flow_log_cloudwatch",
            "module.blog_vpc.aws_internet_gateway.this",
            "module.blog_vpc.aws_nat_gateway.this",
            "module.blog_vpc.aws_network_acl.database",
            "module.blog_vpc.aws_network_acl.elasticache",
            "module.blog_vpc.aws_network_acl.intra",
            "module.blog_vpc.aws_network_acl.outpost",
            "module.blog_vpc.aws_network_acl.private",
            "module.blog_vpc.aws_network_acl.public",
            "module.blog_vpc.aws_network_acl.redshift",
            "module.blog_vpc.aws_network_acl_rule.database_inbound",
            "module.blog_vpc.aws_network_acl_rule.database_outbound",
            "module.blog_vpc.aws_network_acl_rule.elasticache_inbound",
            "module.blog_vpc.aws_network_acl_rule.elasticache_outbound",
            "module.blog_vpc.aws_network_acl_rule.intra_inbound",
            "module.blog_vpc.aws_network_acl_rule.intra_outbound",
            "module.blog_vpc.aws_network_acl_rule.outpost_inbound",
            "module.blog_vpc.aws_network_acl_rule.outpost_outbound",
            "module.blog_vpc.aws_network_acl_rule.private_inbound",
            "module.blog_vpc.aws_network_acl_rule.private_outbound",
            "module.blog_vpc.aws_network_acl_rule.public_inbound",
            "module.blog_vpc.aws_network_acl_rule.public_outbound",
            "module.blog_vpc.aws_network_acl_rule.redshift_inbound",
            "module.blog_vpc.aws_network_acl_rule.redshift_outbound",
            "module.blog_vpc.aws_redshift_subnet_group.redshift",
            "module.blog_vpc.aws_route.database_dns64_nat_gateway",
            "module.blog_vpc.aws_route.database_internet_gateway",
            "module.blog_vpc.aws_route.database_ipv6_egress",
            "module.blog_vpc.aws_route.database_nat_gateway",
            "module.blog_vpc.aws_route.private_dns64_nat_gateway",
            "module.blog_vpc.aws_route.private_ipv6_egress",
            "module.blog_vpc.aws_route.private_nat_gateway",
            "module.blog_vpc.aws_route.public_internet_gateway",
            "module.blog_vpc.aws_route.public_internet_gateway_ipv6",
            "module.blog_vpc.aws_route_table.database",
            "module.blog_vpc.aws_route_table.elasticache",
            "module.blog_vpc.aws_route_table.intra",
            "module.blog_vpc.aws_route_table.private",
            "module.blog_vpc.aws_route_table.public",
            "module.blog_vpc.aws_route_table.redshift",
            "module.blog_vpc.aws_route_table_association.database",
            "module.blog_vpc.aws_route_table_association.elasticache",
            "module.blog_vpc.aws_route_table_association.intra",
            "module.blog_vpc.aws_route_table_association.outpost",
            "module.blog_vpc.aws_route_table_association.private",
            "module.blog_vpc.aws_route_table_association.public",
            "module.blog_vpc.aws_route_table_association.redshift",
            "module.blog_vpc.aws_route_table_association.redshift_public",
            "module.blog_vpc.aws_subnet.database",
            "module.blog_vpc.aws_subnet.elasticache",
            "module.blog_vpc.aws_subnet.intra",
            "module.blog_vpc.aws_subnet.outpost",
            "module.blog_vpc.aws_subnet.private",
            "module.blog_vpc.aws_subnet.public",
            "module.blog_vpc.aws_subnet.redshift",
            "module.blog_vpc.aws_vpc.this",
            "module.blog_vpc.aws_vpc_dhcp_options.this",
            "module.blog_vpc.aws_vpc_dhcp_options_association.this",
            "module.blog_vpc.aws_vpc_ipv4_cidr_block_association.this",
            "module.blog_vpc.aws_vpn_gateway.this",
            "module.blog_vpc.aws_vpn_gateway_attachment.this",
            "module.blog_vpc.aws_vpn_gateway_route_propagation.intra",
            "module.blog_vpc.aws_vpn_gateway_route_propagation.private",
            "module.blog_vpc.aws_vpn_gateway_route_propagation.public",
            "module.blog_vpc.data.aws_caller_identity.current",
            "module.blog_vpc.data.aws_iam_policy_document.flow_log_cloudwatch_assume_role",
            "module.blog_vpc.data.aws_iam_policy_document.vpc_flow_log_cloudwatch",
            "module.blog_vpc.data.aws_partition.current",
            "module.blog_vpc.data.aws_region.current"
          ]
        }
      ]
    },
    {
      "mode": "managed",
      "type": "aws_launch_template",
      "name": "blog_template",
      "provider": "provider[\"registry.terraform.io/hashicorp/aws\"]",
      "instances": [
        {
          "schema_version": 0,
          "attributes": {
            "arn": "arn:aws:ec2:us-east-2:858299572191:launch-template/lt-067aecf299fb4e660",
            "block_device_mappings": [],
            "capacity_reservation_specification": [],
            "cpu_options": [],
            "credit_specification": [],
            "default_version": 1,
            "description": "",
            "disable_api_stop": false,
            "disable_api_termination": false,
            "ebs_optimized": "",
            "elastic_gpu_specifications": [],
            "elastic_inference_accelerator": [],
            "enclave_options": [],
            "hibernation_options": [],
            "iam_instance_profile": [],
            "id": "lt-067aecf299fb4e660",
            "image_id": "ami-01e2928a6d09ed88d",
            "instance_initiated_shutdown_behavior": "",
            "instance_market_options": [],
            "instance_requirements": [],
            "instance_type": "t3.nano",
            "kernel_id": "",
            "key_name": "",
            "latest_version": 1,
            "license_specification": [],
            "maintenance_options": [],
            "metadata_options": [],
            "monitoring": [],
            "name": "dev-20241014014717111800000002",
            "name_prefix": "dev-",
            "network_interfaces": [
              {
                "associate_carrier_ip_address": "",
                "associate_public_ip_address": "true",
                "delete_on_termination": "",
                "description": "",
                "device_index": 0,
                "interface_type": "",
                "ipv4_address_count": 0,
                "ipv4_addresses": null,
                "ipv4_prefix_count": 0,
                "ipv4_prefixes": null,
                "ipv6_address_count": 0,
                "ipv6_addresses": null,
                "ipv6_prefix_count": 0,
                "ipv6_prefixes": null,
                "network_card_index": 0,
                "network_interface_id": "",
                "primary_ipv6": "",
                "private_ip_address": "",
                "security_groups": [
                  "sg-028c02115989ddb7b"
                ],
                "subnet_id": ""
              }
            ],
            "placement": [],
            "private_dns_name_options": [],
            "ram_disk_id": "",
            "security_group_names": null,
            "tag_specifications": [],
            "tags": null,
            "tags_all": {},
            "update_default_version": null,
            "user_data": "",
            "vpc_security_group_ids": null
          },
          "sensitive_attributes": [],
          "private": "bnVsbA==",
          "dependencies": [
            "aws_security_group.sg_lb",
            "aws_security_group.sg_web",
            "data.aws_ami.app_ami",
            "module.blog_vpc.aws_cloudwatch_log_group.flow_log",
            "module.blog_vpc.aws_customer_gateway.this",
            "module.blog_vpc.aws_db_subnet_group.database",
            "module.blog_vpc.aws_default_network_acl.this",
            "module.blog_vpc.aws_default_route_table.default",
            "module.blog_vpc.aws_default_security_group.this",
            "module.blog_vpc.aws_default_vpc.this",
            "module.blog_vpc.aws_egress_only_internet_gateway.this",
            "module.blog_vpc.aws_eip.nat",
            "module.blog_vpc.aws_elasticache_subnet_group.elasticache",
            "module.blog_vpc.aws_flow_log.this",
            "module.blog_vpc.aws_iam_policy.vpc_flow_log_cloudwatch",
            "module.blog_vpc.aws_iam_role.vpc_flow_log_cloudwatch",
            "module.blog_vpc.aws_iam_role_policy_attachment.vpc_flow_log_cloudwatch",
            "module.blog_vpc.aws_internet_gateway.this",
            "module.blog_vpc.aws_nat_gateway.this",
            "module.blog_vpc.aws_network_acl.database",
            "module.blog_vpc.aws_network_acl.elasticache",
            "module.blog_vpc.aws_network_acl.intra",
            "module.blog_vpc.aws_network_acl.outpost",
            "module.blog_vpc.aws_network_acl.private",
            "module.blog_vpc.aws_network_acl.public",
            "module.blog_vpc.aws_network_acl.redshift",
            "module.blog_vpc.aws_network_acl_rule.database_inbound",
            "module.blog_vpc.aws_network_acl_rule.database_outbound",
            "module.blog_vpc.aws_network_acl_rule.elasticache_inbound",
            "module.blog_vpc.aws_network_acl_rule.elasticache_outbound",
            "module.blog_vpc.aws_network_acl_rule.intra_inbound",
            "module.blog_vpc.aws_network_acl_rule.intra_outbound",
            "module.blog_vpc.aws_network_acl_rule.outpost_inbound",
            "module.blog_vpc.aws_network_acl_rule.outpost_outbound",
            "module.blog_vpc.aws_network_acl_rule.private_inbound",
            "module.blog_vpc.aws_network_acl_rule.private_outbound",
            "module.blog_vpc.aws_network_acl_rule.public_inbound",
            "module.blog_vpc.aws_network_acl_rule.public_outbound",
            "module.blog_vpc.aws_network_acl_rule.redshift_inbound",
            "module.blog_vpc.aws_network_acl_rule.redshift_outbound",
            "module.blog_vpc.aws_redshift_subnet_group.redshift",
            "module.blog_vpc.aws_route.database_dns64_nat_gateway",
            "module.blog_vpc.aws_route.database_internet_gateway",
            "module.blog_vpc.aws_route.database_ipv6_egress",
            "module.blog_vpc.aws_route.database_nat_gateway",
            "module.blog_vpc.aws_route.private_dns64_nat_gateway",
            "module.blog_vpc.aws_route.private_ipv6_egress",
            "module.blog_vpc.aws_route.private_nat_gateway",
            "module.blog_vpc.aws_route.public_internet_gateway",
            "module.blog_vpc.aws_route.public_internet_gateway_ipv6",
            "module.blog_vpc.aws_route_table.database",
            "module.blog_vpc.aws_route_table.elasticache",
            "module.blog_vpc.aws_route_table.intra",
            "module.blog_vpc.aws_route_table.private",
            "module.blog_vpc.aws_route_table.public",
            "module.blog_vpc.aws_route_table.redshift",
            "module.blog_vpc.aws_route_table_association.database",
            "module.blog_vpc.aws_route_table_association.elasticache",
            "module.blog_vpc.aws_route_table_association.intra",
            "module.blog_vpc.aws_route_table_association.outpost",
            "module.blog_vpc.aws_route_table_association.private",
            "module.blog_vpc.aws_route_table_association.public",
            "module.blog_vpc.aws_route_table_association.redshift",
            "module.blog_vpc.aws_route_table_association.redshift_public",
            "module.blog_vpc.aws_subnet.database",
            "module.blog_vpc.aws_subnet.elasticache",
            "module.blog_vpc.aws_subnet.intra",
            "module.blog_vpc.aws_subnet.outpost",
            "module.blog_vpc.aws_subnet.private",
            "module.blog_vpc.aws_subnet.public",
            "module.blog_vpc.aws_subnet.redshift",
            "module.blog_vpc.aws_vpc.this",
            "module.blog_vpc.aws_vpc_dhcp_options.this",
            "module.blog_vpc.aws_vpc_dhcp_options_association.this",
            "module.blog_vpc.aws_vpc_ipv4_cidr_block_association.this",
            "module.blog_vpc.aws_vpn_gateway.this",
            "module.blog_vpc.aws_vpn_gateway_attachment.this",
            "module.blog_vpc.aws_vpn_gateway_route_propagation.intra",
            "module.blog_vpc.aws_vpn_gateway_route_propagation.private",
            "module.blog_vpc.aws_vpn_gateway_route_propagation.public",
            "module.blog_vpc.data.aws_caller_identity.current",
            "module.blog_vpc.data.aws_iam_policy_document.flow_log_cloudwatch_assume_role",
            "module.blog_vpc.data.aws_iam_policy_document.vpc_flow_log_cloudwatch",
            "module.blog_vpc.data.aws_partition.current",
            "module.blog_vpc.data.aws_region.current"
          ],
          "create_before_destroy": true
        }
      ]
    },
    {
      "mode": "managed",
      "type": "aws_lb",
      "name": "blog_alb",
      "provider": "provider[\"registry.terraform.io/hashicorp/aws\"]",
      "instances": [
        {
          "schema_version": 0,
          "attributes": {
            "access_logs": [
              {
                "bucket": "",
                "enabled": false,
                "prefix": ""
              }
            ],
            "arn": "arn:aws:elasticloadbalancing:us-east-2:858299572191:loadbalancer/app/dev-blog-alb/9c6e5dce434eede4",
            "arn_suffix": "app/dev-blog-alb/9c6e5dce434eede4",
            "client_keep_alive": 3600,
            "connection_logs": [
              {
                "bucket": "",
                "enabled": false,
                "prefix": ""
              }
            ],
            "customer_owned_ipv4_pool": "",
            "desync_mitigation_mode": "defensive",
            "dns_name": "dev-blog-alb-786537851.us-east-2.elb.amazonaws.com",
            "dns_record_client_routing_policy": null,
            "drop_invalid_header_fields": false,
            "enable_cross_zone_load_balancing": true,
            "enable_deletion_protection": false,
            "enable_http2": true,
            "enable_tls_version_and_cipher_suite_headers": false,
            "enable_waf_fail_open": false,
            "enable_xff_client_port": false,
            "enforce_security_group_inbound_rules_on_private_link_traffic": "",
            "id": "arn:aws:elasticloadbalancing:us-east-2:858299572191:loadbalancer/app/dev-blog-alb/9c6e5dce434eede4",
            "idle_timeout": 60,
            "internal": false,
            "ip_address_type": "ipv4",
            "load_balancer_type": "application",
            "name": "dev-blog-alb",
            "name_prefix": "",
            "preserve_host_header": false,
            "security_groups": [
              "sg-0eb7dda06047addb8"
            ],
            "subnet_mapping": [
              {
                "allocation_id": "",
                "ipv6_address": "",
                "outpost_id": "",
                "private_ipv4_address": "",
                "subnet_id": "subnet-0094c589419defb13"
              },
              {
                "allocation_id": "",
                "ipv6_address": "",
                "outpost_id": "",
                "private_ipv4_address": "",
                "subnet_id": "subnet-041ef447b400233de"
              },
              {
                "allocation_id": "",
                "ipv6_address": "",
                "outpost_id": "",
                "private_ipv4_address": "",
                "subnet_id": "subnet-05ce405fbfe2a3603"
              }
            ],
            "subnets": [
              "subnet-0094c589419defb13",
              "subnet-041ef447b400233de",
              "subnet-05ce405fbfe2a3603"
            ],
            "tags": null,
            "tags_all": {},
            "timeouts": null,
            "vpc_id": "vpc-070de206c17503e80",
            "xff_header_processing_mode": "append",
            "zone_id": "Z3AADJGX6KTTL2"
          },
          "sensitive_attributes": [],
          "private": "eyJlMmJmYjczMC1lY2FhLTExZTYtOGY4OC0zNDM2M2JjN2M0YzAiOnsiY3JlYXRlIjo2MDAwMDAwMDAwMDAsImRlbGV0ZSI6NjAwMDAwMDAwMDAwLCJ1cGRhdGUiOjYwMDAwMDAwMDAwMH19",
          "dependencies": [
            "aws_security_group.sg_lb",
            "module.blog_vpc.aws_cloudwatch_log_group.flow_log",
            "module.blog_vpc.aws_customer_gateway.this",
            "module.blog_vpc.aws_db_subnet_group.database",
            "module.blog_vpc.aws_default_network_acl.this",
            "module.blog_vpc.aws_default_route_table.default",
            "module.blog_vpc.aws_default_security_group.this",
            "module.blog_vpc.aws_default_vpc.this",
            "module.blog_vpc.aws_egress_only_internet_gateway.this",
            "module.blog_vpc.aws_eip.nat",
            "module.blog_vpc.aws_elasticache_subnet_group.elasticache",
            "module.blog_vpc.aws_flow_log.this",
            "module.blog_vpc.aws_iam_policy.vpc_flow_log_cloudwatch",
            "module.blog_vpc.aws_iam_role.vpc_flow_log_cloudwatch",
            "module.blog_vpc.aws_iam_role_policy_attachment.vpc_flow_log_cloudwatch",
            "module.blog_vpc.aws_internet_gateway.this",
            "module.blog_vpc.aws_nat_gateway.this",
            "module.blog_vpc.aws_network_acl.database",
            "module.blog_vpc.aws_network_acl.elasticache",
            "module.blog_vpc.aws_network_acl.intra",
            "module.blog_vpc.aws_network_acl.outpost",
            "module.blog_vpc.aws_network_acl.private",
            "module.blog_vpc.aws_network_acl.public",
            "module.blog_vpc.aws_network_acl.redshift",
            "module.blog_vpc.aws_network_acl_rule.database_inbound",
            "module.blog_vpc.aws_network_acl_rule.database_outbound",
            "module.blog_vpc.aws_network_acl_rule.elasticache_inbound",
            "module.blog_vpc.aws_network_acl_rule.elasticache_outbound",
            "module.blog_vpc.aws_network_acl_rule.intra_inbound",
            "module.blog_vpc.aws_network_acl_rule.intra_outbound",
            "module.blog_vpc.aws_network_acl_rule.outpost_inbound",
            "module.blog_vpc.aws_network_acl_rule.outpost_outbound",
            "module.blog_vpc.aws_network_acl_rule.private_inbound",
            "module.blog_vpc.aws_network_acl_rule.private_outbound",
            "module.blog_vpc.aws_network_acl_rule.public_inbound",
            "module.blog_vpc.aws_network_acl_rule.public_outbound",
            "module.blog_vpc.aws_network_acl_rule.redshift_inbound",
            "module.blog_vpc.aws_network_acl_rule.redshift_outbound",
            "module.blog_vpc.aws_redshift_subnet_group.redshift",
            "module.blog_vpc.aws_route.database_dns64_nat_gateway",
            "module.blog_vpc.aws_route.database_internet_gateway",
            "module.blog_vpc.aws_route.database_ipv6_egress",
            "module.blog_vpc.aws_route.database_nat_gateway",
            "module.blog_vpc.aws_route.private_dns64_nat_gateway",
            "module.blog_vpc.aws_route.private_ipv6_egress",
            "module.blog_vpc.aws_route.private_nat_gateway",
            "module.blog_vpc.aws_route.public_internet_gateway",
            "module.blog_vpc.aws_route.public_internet_gateway_ipv6",
            "module.blog_vpc.aws_route_table.database",
            "module.blog_vpc.aws_route_table.elasticache",
            "module.blog_vpc.aws_route_table.intra",
            "module.blog_vpc.aws_route_table.private",
            "module.blog_vpc.aws_route_table.public",
            "module.blog_vpc.aws_route_table.redshift",
            "module.blog_vpc.aws_route_table_association.database",
            "module.blog_vpc.aws_route_table_association.elasticache",
            "module.blog_vpc.aws_route_table_association.intra",
            "module.blog_vpc.aws_route_table_association.outpost",
            "module.blog_vpc.aws_route_table_association.private",
            "module.blog_vpc.aws_route_table_association.public",
            "module.blog_vpc.aws_route_table_association.redshift",
            "module.blog_vpc.aws_route_table_association.redshift_public",
            "module.blog_vpc.aws_subnet.database",
            "module.blog_vpc.aws_subnet.elasticache",
            "module.blog_vpc.aws_subnet.intra",
            "module.blog_vpc.aws_subnet.outpost",
            "module.blog_vpc.aws_subnet.private",
            "module.blog_vpc.aws_subnet.public",
            "module.blog_vpc.aws_subnet.redshift",
            "module.blog_vpc.aws_vpc.this",
            "module.blog_vpc.aws_vpc_dhcp_options.this",
            "module.blog_vpc.aws_vpc_dhcp_options_association.this",
            "module.blog_vpc.aws_vpc_ipv4_cidr_block_association.this",
            "module.blog_vpc.aws_vpn_gateway.this",
            "module.blog_vpc.aws_vpn_gateway_attachment.this",
            "module.blog_vpc.aws_vpn_gateway_route_propagation.intra",
            "module.blog_vpc.aws_vpn_gateway_route_propagation.private",
            "module.blog_vpc.aws_vpn_gateway_route_propagation.public",
            "module.blog_vpc.data.aws_caller_identity.current",
            "module.blog_vpc.data.aws_iam_policy_document.flow_log_cloudwatch_assume_role",
            "module.blog_vpc.data.aws_iam_policy_document.vpc_flow_log_cloudwatch",
            "module.blog_vpc.data.aws_partition.current",
            "module.blog_vpc.data.aws_region.current"
          ]
        }
      ]
    },
    {
      "mode": "managed",
      "type": "aws_lb_listener",
      "name": "blog_lb_lstnr",
      "provider": "provider[\"registry.terraform.io/hashicorp/aws\"]",
      "instances": [
        {
          "schema_version": 0,
          "attributes": {
            "alpn_policy": null,
            "arn": "arn:aws:elasticloadbalancing:us-east-2:858299572191:listener/app/dev-blog-alb/9c6e5dce434eede4/c030d05d5b774a96",
            "certificate_arn": null,
            "default_action": [
              {
                "authenticate_cognito": [],
                "authenticate_oidc": [],
                "fixed_response": [],
                "forward": [],
                "order": 1,
                "redirect": [],
                "target_group_arn": "arn:aws:elasticloadbalancing:us-east-2:858299572191:targetgroup/dev-blog-tg/77a0579029b20ee5",
                "type": "forward"
              }
            ],
            "id": "arn:aws:elasticloadbalancing:us-east-2:858299572191:listener/app/dev-blog-alb/9c6e5dce434eede4/c030d05d5b774a96",
            "load_balancer_arn": "arn:aws:elasticloadbalancing:us-east-2:858299572191:loadbalancer/app/dev-blog-alb/9c6e5dce434eede4",
            "mutual_authentication": [],
            "port": 80,
            "protocol": "HTTP",
            "ssl_policy": "",
            "tags": null,
            "tags_all": {},
            "timeouts": null
          },
          "sensitive_attributes": [],
          "private": "eyJlMmJmYjczMC1lY2FhLTExZTYtOGY4OC0zNDM2M2JjN2M0YzAiOnsiY3JlYXRlIjozMDAwMDAwMDAwMDAsInVwZGF0ZSI6MzAwMDAwMDAwMDAwfX0=",
          "dependencies": [
            "aws_lb.blog_alb",
            "aws_lb_target_group.blog_tg",
            "aws_security_group.sg_lb",
            "module.blog_vpc.aws_cloudwatch_log_group.flow_log",
            "module.blog_vpc.aws_customer_gateway.this",
            "module.blog_vpc.aws_db_subnet_group.database",
            "module.blog_vpc.aws_default_network_acl.this",
            "module.blog_vpc.aws_default_route_table.default",
            "module.blog_vpc.aws_default_security_group.this",
            "module.blog_vpc.aws_default_vpc.this",
            "module.blog_vpc.aws_egress_only_internet_gateway.this",
            "module.blog_vpc.aws_eip.nat",
            "module.blog_vpc.aws_elasticache_subnet_group.elasticache",
            "module.blog_vpc.aws_flow_log.this",
            "module.blog_vpc.aws_iam_policy.vpc_flow_log_cloudwatch",
            "module.blog_vpc.aws_iam_role.vpc_flow_log_cloudwatch",
            "module.blog_vpc.aws_iam_role_policy_attachment.vpc_flow_log_cloudwatch",
            "module.blog_vpc.aws_internet_gateway.this",
            "module.blog_vpc.aws_nat_gateway.this",
            "module.blog_vpc.aws_network_acl.database",
            "module.blog_vpc.aws_network_acl.elasticache",
            "module.blog_vpc.aws_network_acl.intra",
            "module.blog_vpc.aws_network_acl.outpost",
            "module.blog_vpc.aws_network_acl.private",
            "module.blog_vpc.aws_network_acl.public",
            "module.blog_vpc.aws_network_acl.redshift",
            "module.blog_vpc.aws_network_acl_rule.database_inbound",
            "module.blog_vpc.aws_network_acl_rule.database_outbound",
            "module.blog_vpc.aws_network_acl_rule.elasticache_inbound",
            "module.blog_vpc.aws_network_acl_rule.elasticache_outbound",
            "module.blog_vpc.aws_network_acl_rule.intra_inbound",
            "module.blog_vpc.aws_network_acl_rule.intra_outbound",
            "module.blog_vpc.aws_network_acl_rule.outpost_inbound",
            "module.blog_vpc.aws_network_acl_rule.outpost_outbound",
            "module.blog_vpc.aws_network_acl_rule.private_inbound",
            "module.blog_vpc.aws_network_acl_rule.private_outbound",
            "module.blog_vpc.aws_network_acl_rule.public_inbound",
            "module.blog_vpc.aws_network_acl_rule.public_outbound",
            "module.blog_vpc.aws_network_acl_rule.redshift_inbound",
            "module.blog_vpc.aws_network_acl_rule.redshift_outbound",
            "module.blog_vpc.aws_redshift_subnet_group.redshift",
            "module.blog_vpc.aws_route.database_dns64_nat_gateway",
            "module.blog_vpc.aws_route.database_internet_gateway",
            "module.blog_vpc.aws_route.database_ipv6_egress",
            "module.blog_vpc.aws_route.database_nat_gateway",
            "module.blog_vpc.aws_route.private_dns64_nat_gateway",
            "module.blog_vpc.aws_route.private_ipv6_egress",
            "module.blog_vpc.aws_route.private_nat_gateway",
            "module.blog_vpc.aws_route.public_internet_gateway",
            "module.blog_vpc.aws_route.public_internet_gateway_ipv6",
            "module.blog_vpc.aws_route_table.database",
            "module.blog_vpc.aws_route_table.elasticache",
            "module.blog_vpc.aws_route_table.intra",
            "module.blog_vpc.aws_route_table.private",
            "module.blog_vpc.aws_route_table.public",
            "module.blog_vpc.aws_route_table.redshift",
            "module.blog_vpc.aws_route_table_association.database",
            "module.blog_vpc.aws_route_table_association.elasticache",
            "module.blog_vpc.aws_route_table_association.intra",
            "module.blog_vpc.aws_route_table_association.outpost",
            "module.blog_vpc.aws_route_table_association.private",
            "module.blog_vpc.aws_route_table_association.public",
            "module.blog_vpc.aws_route_table_association.redshift",
            "module.blog_vpc.aws_route_table_association.redshift_public",
            "module.blog_vpc.aws_subnet.database",
            "module.blog_vpc.aws_subnet.elasticache",
            "module.blog_vpc.aws_subnet.intra",
            "module.blog_vpc.aws_subnet.outpost",
            "module.blog_vpc.aws_subnet.private",
            "module.blog_vpc.aws_subnet.public",
            "module.blog_vpc.aws_subnet.redshift",
            "module.blog_vpc.aws_vpc.this",
            "module.blog_vpc.aws_vpc_dhcp_options.this",
            "module.blog_vpc.aws_vpc_dhcp_options_association.this",
            "module.blog_vpc.aws_vpc_ipv4_cidr_block_association.this",
            "module.blog_vpc.aws_vpn_gateway.this",
            "module.blog_vpc.aws_vpn_gateway_attachment.this",
            "module.blog_vpc.aws_vpn_gateway_route_propagation.intra",
            "module.blog_vpc.aws_vpn_gateway_route_propagation.private",
            "module.blog_vpc.aws_vpn_gateway_route_propagation.public",
            "module.blog_vpc.data.aws_caller_identity.current",
            "module.blog_vpc.data.aws_iam_policy_document.flow_log_cloudwatch_assume_role",
            "module.blog_vpc.data.aws_iam_policy_document.vpc_flow_log_cloudwatch",
            "module.blog_vpc.data.aws_partition.current",
            "module.blog_vpc.data.aws_region.current"
          ]
        }
      ]
    },
    {
      "mode": "managed",
      "type": "aws_lb_target_group",
      "name": "blog_tg",
      "provider": "provider[\"registry.terraform.io/hashicorp/aws\"]",
      "instances": [
        {
          "schema_version": 0,
          "attributes": {
            "arn": "arn:aws:elasticloadbalancing:us-east-2:858299572191:targetgroup/dev-blog-tg/77a0579029b20ee5",
            "arn_suffix": "targetgroup/dev-blog-tg/77a0579029b20ee5",
            "connection_termination": null,
            "deregistration_delay": "300",
            "health_check": [
              {
                "enabled": true,
                "healthy_threshold": 5,
                "interval": 30,
                "matcher": "200",
                "path": "/",
                "port": "traffic-port",
                "protocol": "HTTP",
                "timeout": 5,
                "unhealthy_threshold": 2
              }
            ],
            "id": "arn:aws:elasticloadbalancing:us-east-2:858299572191:targetgroup/dev-blog-tg/77a0579029b20ee5",
            "ip_address_type": "ipv4",
            "lambda_multi_value_headers_enabled": false,
            "load_balancer_arns": [],
            "load_balancing_algorithm_type": "round_robin",
            "load_balancing_anomaly_mitigation": "off",
            "load_balancing_cross_zone_enabled": "use_load_balancer_configuration",
            "name": "dev-blog-tg",
            "name_prefix": "",
            "port": 80,
            "preserve_client_ip": null,
            "protocol": "HTTP",
            "protocol_version": "HTTP1",
            "proxy_protocol_v2": false,
            "slow_start": 0,
            "stickiness": [
              {
                "cookie_duration": 86400,
                "cookie_name": "",
                "enabled": false,
                "type": "lb_cookie"
              }
            ],
            "tags": null,
            "tags_all": {},
            "target_failover": [
              {
                "on_deregistration": null,
                "on_unhealthy": null
              }
            ],
            "target_group_health": [
              {
                "dns_failover": [
                  {
                    "minimum_healthy_targets_count": "1",
                    "minimum_healthy_targets_percentage": "off"
                  }
                ],
                "unhealthy_state_routing": [
                  {
                    "minimum_healthy_targets_count": 1,
                    "minimum_healthy_targets_percentage": "off"
                  }
                ]
              }
            ],
            "target_health_state": [
              {
                "enable_unhealthy_connection_termination": null,
                "unhealthy_draining_interval": null
              }
            ],
            "target_type": "instance",
            "vpc_id": "vpc-070de206c17503e80"
          },
          "sensitive_attributes": [],
          "private": "bnVsbA==",
          "dependencies": [
            "module.blog_vpc.aws_cloudwatch_log_group.flow_log",
            "module.blog_vpc.aws_customer_gateway.this",
            "module.blog_vpc.aws_db_subnet_group.database",
            "module.blog_vpc.aws_default_network_acl.this",
            "module.blog_vpc.aws_default_route_table.default",
            "module.blog_vpc.aws_default_security_group.this",
            "module.blog_vpc.aws_default_vpc.this",
            "module.blog_vpc.aws_egress_only_internet_gateway.this",
            "module.blog_vpc.aws_eip.nat",
            "module.blog_vpc.aws_elasticache_subnet_group.elasticache",
            "module.blog_vpc.aws_flow_log.this",
            "module.blog_vpc.aws_iam_policy.vpc_flow_log_cloudwatch",
            "module.blog_vpc.aws_iam_role.vpc_flow_log_cloudwatch",
            "module.blog_vpc.aws_iam_role_policy_attachment.vpc_flow_log_cloudwatch",
            "module.blog_vpc.aws_internet_gateway.this",
            "module.blog_vpc.aws_nat_gateway.this",
            "module.blog_vpc.aws_network_acl.database",
            "module.blog_vpc.aws_network_acl.elasticache",
            "module.blog_vpc.aws_network_acl.intra",
            "module.blog_vpc.aws_network_acl.outpost",
            "module.blog_vpc.aws_network_acl.private",
            "module.blog_vpc.aws_network_acl.public",
            "module.blog_vpc.aws_network_acl.redshift",
            "module.blog_vpc.aws_network_acl_rule.database_inbound",
            "module.blog_vpc.aws_network_acl_rule.database_outbound",
            "module.blog_vpc.aws_network_acl_rule.elasticache_inbound",
            "module.blog_vpc.aws_network_acl_rule.elasticache_outbound",
            "module.blog_vpc.aws_network_acl_rule.intra_inbound",
            "module.blog_vpc.aws_network_acl_rule.intra_outbound",
            "module.blog_vpc.aws_network_acl_rule.outpost_inbound",
            "module.blog_vpc.aws_network_acl_rule.outpost_outbound",
            "module.blog_vpc.aws_network_acl_rule.private_inbound",
            "module.blog_vpc.aws_network_acl_rule.private_outbound",
            "module.blog_vpc.aws_network_acl_rule.public_inbound",
            "module.blog_vpc.aws_network_acl_rule.public_outbound",
            "module.blog_vpc.aws_network_acl_rule.redshift_inbound",
            "module.blog_vpc.aws_network_acl_rule.redshift_outbound",
            "module.blog_vpc.aws_redshift_subnet_group.redshift",
            "module.blog_vpc.aws_route.database_dns64_nat_gateway",
            "module.blog_vpc.aws_route.database_internet_gateway",
            "module.blog_vpc.aws_route.database_ipv6_egress",
            "module.blog_vpc.aws_route.database_nat_gateway",
            "module.blog_vpc.aws_route.private_dns64_nat_gateway",
            "module.blog_vpc.aws_route.private_ipv6_egress",
            "module.blog_vpc.aws_route.private_nat_gateway",
            "module.blog_vpc.aws_route.public_internet_gateway",
            "module.blog_vpc.aws_route.public_internet_gateway_ipv6",
            "module.blog_vpc.aws_route_table.database",
            "module.blog_vpc.aws_route_table.elasticache",
            "module.blog_vpc.aws_route_table.intra",
            "module.blog_vpc.aws_route_table.private",
            "module.blog_vpc.aws_route_table.public",
            "module.blog_vpc.aws_route_table.redshift",
            "module.blog_vpc.aws_route_table_association.database",
            "module.blog_vpc.aws_route_table_association.elasticache",
            "module.blog_vpc.aws_route_table_association.intra",
            "module.blog_vpc.aws_route_table_association.outpost",
            "module.blog_vpc.aws_route_table_association.private",
            "module.blog_vpc.aws_route_table_association.public",
            "module.blog_vpc.aws_route_table_association.redshift",
            "module.blog_vpc.aws_route_table_association.redshift_public",
            "module.blog_vpc.aws_subnet.database",
            "module.blog_vpc.aws_subnet.elasticache",
            "module.blog_vpc.aws_subnet.intra",
            "module.blog_vpc.aws_subnet.outpost",
            "module.blog_vpc.aws_subnet.private",
            "module.blog_vpc.aws_subnet.public",
            "module.blog_vpc.aws_subnet.redshift",
            "module.blog_vpc.aws_vpc.this",
            "module.blog_vpc.aws_vpc_dhcp_options.this",
            "module.blog_vpc.aws_vpc_dhcp_options_association.this",
            "module.blog_vpc.aws_vpc_ipv4_cidr_block_association.this",
            "module.blog_vpc.aws_vpn_gateway.this",
            "module.blog_vpc.aws_vpn_gateway_attachment.this",
            "module.blog_vpc.aws_vpn_gateway_route_propagation.intra",
            "module.blog_vpc.aws_vpn_gateway_route_propagation.private",
            "module.blog_vpc.aws_vpn_gateway_route_propagation.public",
            "module.blog_vpc.data.aws_caller_identity.current",
            "module.blog_vpc.data.aws_iam_policy_document.flow_log_cloudwatch_assume_role",
            "module.blog_vpc.data.aws_iam_policy_document.vpc_flow_log_cloudwatch",
            "module.blog_vpc.data.aws_partition.current",
            "module.blog_vpc.data.aws_region.current"
          ]
        }
      ]
    },
    {
      "mode": "managed",
      "type": "aws_security_group",
      "name": "sg_lb",
      "provider": "provider[\"registry.terraform.io/hashicorp/aws\"]",
      "instances": [
        {
          "schema_version": 1,
          "attributes": {
            "arn": "arn:aws:ec2:us-east-2:858299572191:security-group/sg-0eb7dda06047addb8",
            "description": "Managed by Terraform",
            "egress": [
              {
                "cidr_blocks": [
                  "0.0.0.0/0"
                ],
                "description": "",
                "from_port": 0,
                "ipv6_cidr_blocks": [],
                "prefix_list_ids": [],
                "protocol": "-1",
                "security_groups": [],
                "self": false,
                "to_port": 0
              }
            ],
            "id": "sg-0eb7dda06047addb8",
            "ingress": [
              {
                "cidr_blocks": [
                  "0.0.0.0/0"
                ],
                "description": "",
                "from_port": 80,
                "ipv6_cidr_blocks": [],
                "prefix_list_ids": [],
                "protocol": "tcp",
                "security_groups": [],
                "self": false,
                "to_port": 80
              }
            ],
            "name": "dev_blog_sg_lb",
            "name_prefix": "",
            "owner_id": "858299572191",
            "revoke_rules_on_delete": false,
            "tags": null,
            "tags_all": {},
            "timeouts": null,
            "vpc_id": "vpc-070de206c17503e80"
          },
          "sensitive_attributes": [],
          "private": "eyJlMmJmYjczMC1lY2FhLTExZTYtOGY4OC0zNDM2M2JjN2M0YzAiOnsiY3JlYXRlIjo2MDAwMDAwMDAwMDAsImRlbGV0ZSI6OTAwMDAwMDAwMDAwfSwic2NoZW1hX3ZlcnNpb24iOiIxIn0=",
          "dependencies": [
            "module.blog_vpc.aws_cloudwatch_log_group.flow_log",
            "module.blog_vpc.aws_customer_gateway.this",
            "module.blog_vpc.aws_db_subnet_group.database",
            "module.blog_vpc.aws_default_network_acl.this",
            "module.blog_vpc.aws_default_route_table.default",
            "module.blog_vpc.aws_default_security_group.this",
            "module.blog_vpc.aws_default_vpc.this",
            "module.blog_vpc.aws_egress_only_internet_gateway.this",
            "module.blog_vpc.aws_eip.nat",
            "module.blog_vpc.aws_elasticache_subnet_group.elasticache",
            "module.blog_vpc.aws_flow_log.this",
            "module.blog_vpc.aws_iam_policy.vpc_flow_log_cloudwatch",
            "module.blog_vpc.aws_iam_role.vpc_flow_log_cloudwatch",
            "module.blog_vpc.aws_iam_role_policy_attachment.vpc_flow_log_cloudwatch",
            "module.blog_vpc.aws_internet_gateway.this",
            "module.blog_vpc.aws_nat_gateway.this",
            "module.blog_vpc.aws_network_acl.database",
            "module.blog_vpc.aws_network_acl.elasticache",
            "module.blog_vpc.aws_network_acl.intra",
            "module.blog_vpc.aws_network_acl.outpost",
            "module.blog_vpc.aws_network_acl.private",
            "module.blog_vpc.aws_network_acl.public",
            "module.blog_vpc.aws_network_acl.redshift",
            "module.blog_vpc.aws_network_acl_rule.database_inbound",
            "module.blog_vpc.aws_network_acl_rule.database_outbound",
            "module.blog_vpc.aws_network_acl_rule.elasticache_inbound",
            "module.blog_vpc.aws_network_acl_rule.elasticache_outbound",
            "module.blog_vpc.aws_network_acl_rule.intra_inbound",
            "module.blog_vpc.aws_network_acl_rule.intra_outbound",
            "module.blog_vpc.aws_network_acl_rule.outpost_inbound",
            "module.blog_vpc.aws_network_acl_rule.outpost_outbound",
            "module.blog_vpc.aws_network_acl_rule.private_inbound",
            "module.blog_vpc.aws_network_acl_rule.private_outbound",
            "module.blog_vpc.aws_network_acl_rule.public_inbound",
            "module.blog_vpc.aws_network_acl_rule.public_outbound",
            "module.blog_vpc.aws_network_acl_rule.redshift_inbound",
            "module.blog_vpc.aws_network_acl_rule.redshift_outbound",
            "module.blog_vpc.aws_redshift_subnet_group.redshift",
            "module.blog_vpc.aws_route.database_dns64_nat_gateway",
            "module.blog_vpc.aws_route.database_internet_gateway",
            "module.blog_vpc.aws_route.database_ipv6_egress",
            "module.blog_vpc.aws_route.database_nat_gateway",
            "module.blog_vpc.aws_route.private_dns64_nat_gateway",
            "module.blog_vpc.aws_route.private_ipv6_egress",
            "module.blog_vpc.aws_route.private_nat_gateway",
            "module.blog_vpc.aws_route.public_internet_gateway",
            "module.blog_vpc.aws_route.public_internet_gateway_ipv6",
            "module.blog_vpc.aws_route_table.database",
            "module.blog_vpc.aws_route_table.elasticache",
            "module.blog_vpc.aws_route_table.intra",
            "module.blog_vpc.aws_route_table.private",
            "module.blog_vpc.aws_route_table.public",
            "module.blog_vpc.aws_route_table.redshift",
            "module.blog_vpc.aws_route_table_association.database",
            "module.blog_vpc.aws_route_table_association.elasticache",
            "module.blog_vpc.aws_route_table_association.intra",
            "module.blog_vpc.aws_route_table_association.outpost",
            "module.blog_vpc.aws_route_table_association.private",
            "module.blog_vpc.aws_route_table_association.public",
            "module.blog_vpc.aws_route_table_association.redshift",
            "module.blog_vpc.aws_route_table_association.redshift_public",
            "module.blog_vpc.aws_subnet.database",
            "module.blog_vpc.aws_subnet.elasticache",
            "module.blog_vpc.aws_subnet.intra",
            "module.blog_vpc.aws_subnet.outpost",
            "module.blog_vpc.aws_subnet.private",
            "module.blog_vpc.aws_subnet.public",
            "module.blog_vpc.aws_subnet.redshift",
            "module.blog_vpc.aws_vpc.this",
            "module.blog_vpc.aws_vpc_dhcp_options.this",
            "module.blog_vpc.aws_vpc_dhcp_options_association.this",
            "module.blog_vpc.aws_vpc_ipv4_cidr_block_association.this",
            "module.blog_vpc.aws_vpn_gateway.this",
            "module.blog_vpc.aws_vpn_gateway_attachment.this",
            "module.blog_vpc.aws_vpn_gateway_route_propagation.intra",
            "module.blog_vpc.aws_vpn_gateway_route_propagation.private",
            "module.blog_vpc.aws_vpn_gateway_route_propagation.public",
            "module.blog_vpc.data.aws_caller_identity.current",
            "module.blog_vpc.data.aws_iam_policy_document.flow_log_cloudwatch_assume_role",
            "module.blog_vpc.data.aws_iam_policy_document.vpc_flow_log_cloudwatch",
            "module.blog_vpc.data.aws_partition.current",
            "module.blog_vpc.data.aws_region.current"
          ],
          "create_before_destroy": true
        }
      ]
    },
    {
      "mode": "managed",
      "type": "aws_security_group",
      "name": "sg_web",
      "provider": "provider[\"registry.terraform.io/hashicorp/aws\"]",
      "instances": [
        {
          "schema_version": 1,
          "attributes": {
            "arn": "arn:aws:ec2:us-east-2:858299572191:security-group/sg-028c02115989ddb7b",
            "description": "Managed by Terraform",
            "egress": [
              {
                "cidr_blocks": [
                  "0.0.0.0/0"
                ],
                "description": "",
                "from_port": 0,
                "ipv6_cidr_blocks": [],
                "prefix_list_ids": [],
                "protocol": "-1",
                "security_groups": [],
                "self": false,
                "to_port": 0
              }
            ],
            "id": "sg-028c02115989ddb7b",
            "ingress": [
              {
                "cidr_blocks": [],
                "description": "",
                "from_port": 80,
                "ipv6_cidr_blocks": [],
                "prefix_list_ids": [],
                "protocol": "tcp",
                "security_groups": [
                  "sg-0eb7dda06047addb8"
                ],
                "self": false,
                "to_port": 80
              }
            ],
            "name": "dev-blog-web-sg",
            "name_prefix": "",
            "owner_id": "858299572191",
            "revoke_rules_on_delete": false,
            "tags": null,
            "tags_all": {},
            "timeouts": null,
            "vpc_id": "vpc-070de206c17503e80"
          },
          "sensitive_attributes": [],
          "private": "eyJlMmJmYjczMC1lY2FhLTExZTYtOGY4OC0zNDM2M2JjN2M0YzAiOnsiY3JlYXRlIjo2MDAwMDAwMDAwMDAsImRlbGV0ZSI6OTAwMDAwMDAwMDAwfSwic2NoZW1hX3ZlcnNpb24iOiIxIn0=",
          "dependencies": [
            "aws_security_group.sg_lb",
            "module.blog_vpc.aws_cloudwatch_log_group.flow_log",
            "module.blog_vpc.aws_customer_gateway.this",
            "module.blog_vpc.aws_db_subnet_group.database",
            "module.blog_vpc.aws_default_network_acl.this",
            "module.blog_vpc.aws_default_route_table.default",
            "module.blog_vpc.aws_default_security_group.this",
            "module.blog_vpc.aws_default_vpc.this",
            "module.blog_vpc.aws_egress_only_internet_gateway.this",
            "module.blog_vpc.aws_eip.nat",
            "module.blog_vpc.aws_elasticache_subnet_group.elasticache",
            "module.blog_vpc.aws_flow_log.this",
            "module.blog_vpc.aws_iam_policy.vpc_flow_log_cloudwatch",
            "module.blog_vpc.aws_iam_role.vpc_flow_log_cloudwatch",
            "module.blog_vpc.aws_iam_role_policy_attachment.vpc_flow_log_cloudwatch",
            "module.blog_vpc.aws_internet_gateway.this",
            "module.blog_vpc.aws_nat_gateway.this",
            "module.blog_vpc.aws_network_acl.database",
            "module.blog_vpc.aws_network_acl.elasticache",
            "module.blog_vpc.aws_network_acl.intra",
            "module.blog_vpc.aws_network_acl.outpost",
            "module.blog_vpc.aws_network_acl.private",
            "module.blog_vpc.aws_network_acl.public",
            "module.blog_vpc.aws_network_acl.redshift",
            "module.blog_vpc.aws_network_acl_rule.database_inbound",
            "module.blog_vpc.aws_network_acl_rule.database_outbound",
            "module.blog_vpc.aws_network_acl_rule.elasticache_inbound",
            "module.blog_vpc.aws_network_acl_rule.elasticache_outbound",
            "module.blog_vpc.aws_network_acl_rule.intra_inbound",
            "module.blog_vpc.aws_network_acl_rule.intra_outbound",
            "module.blog_vpc.aws_network_acl_rule.outpost_inbound",
            "module.blog_vpc.aws_network_acl_rule.outpost_outbound",
            "module.blog_vpc.aws_network_acl_rule.private_inbound",
            "module.blog_vpc.aws_network_acl_rule.private_outbound",
            "module.blog_vpc.aws_network_acl_rule.public_inbound",
            "module.blog_vpc.aws_network_acl_rule.public_outbound",
            "module.blog_vpc.aws_network_acl_rule.redshift_inbound",
            "module.blog_vpc.aws_network_acl_rule.redshift_outbound",
            "module.blog_vpc.aws_redshift_subnet_group.redshift",
            "module.blog_vpc.aws_route.database_dns64_nat_gateway",
            "module.blog_vpc.aws_route.database_internet_gateway",
            "module.blog_vpc.aws_route.database_ipv6_egress",
            "module.blog_vpc.aws_route.database_nat_gateway",
            "module.blog_vpc.aws_route.private_dns64_nat_gateway",
            "module.blog_vpc.aws_route.private_ipv6_egress",
            "module.blog_vpc.aws_route.private_nat_gateway",
            "module.blog_vpc.aws_route.public_internet_gateway",
            "module.blog_vpc.aws_route.public_internet_gateway_ipv6",
            "module.blog_vpc.aws_route_table.database",
            "module.blog_vpc.aws_route_table.elasticache",
            "module.blog_vpc.aws_route_table.intra",
            "module.blog_vpc.aws_route_table.private",
            "module.blog_vpc.aws_route_table.public",
            "module.blog_vpc.aws_route_table.redshift",
            "module.blog_vpc.aws_route_table_association.database",
            "module.blog_vpc.aws_route_table_association.elasticache",
            "module.blog_vpc.aws_route_table_association.intra",
            "module.blog_vpc.aws_route_table_association.outpost",
            "module.blog_vpc.aws_route_table_association.private",
            "module.blog_vpc.aws_route_table_association.public",
            "module.blog_vpc.aws_route_table_association.redshift",
            "module.blog_vpc.aws_route_table_association.redshift_public",
            "module.blog_vpc.aws_subnet.database",
            "module.blog_vpc.aws_subnet.elasticache",
            "module.blog_vpc.aws_subnet.intra",
            "module.blog_vpc.aws_subnet.outpost",
            "module.blog_vpc.aws_subnet.private",
            "module.blog_vpc.aws_subnet.public",
            "module.blog_vpc.aws_subnet.redshift",
            "module.blog_vpc.aws_vpc.this",
            "module.blog_vpc.aws_vpc_dhcp_options.this",
            "module.blog_vpc.aws_vpc_dhcp_options_association.this",
            "module.blog_vpc.aws_vpc_ipv4_cidr_block_association.this",
            "module.blog_vpc.aws_vpn_gateway.this",
            "module.blog_vpc.aws_vpn_gateway_attachment.this",
            "module.blog_vpc.aws_vpn_gateway_route_propagation.intra",
            "module.blog_vpc.aws_vpn_gateway_route_propagation.private",
            "module.blog_vpc.aws_vpn_gateway_route_propagation.public",
            "module.blog_vpc.data.aws_caller_identity.current",
            "module.blog_vpc.data.aws_iam_policy_document.flow_log_cloudwatch_assume_role",
            "module.blog_vpc.data.aws_iam_policy_document.vpc_flow_log_cloudwatch",
            "module.blog_vpc.data.aws_partition.current",
            "module.blog_vpc.data.aws_region.current"
          ],
          "create_before_destroy": true
        }
      ]
    },
    {
      "module": "module.blog_vpc",
      "mode": "managed",
      "type": "aws_default_network_acl",
      "name": "this",
      "provider": "provider[\"registry.terraform.io/hashicorp/aws\"]",
      "instances": [
        {
          "index_key": 0,
          "schema_version": 0,
          "attributes": {
            "arn": "arn:aws:ec2:us-east-2:858299572191:network-acl/acl-0ef9f39e970e734d4",
            "default_network_acl_id": "acl-0ef9f39e970e734d4",
            "egress": [
              {
                "action": "allow",
                "cidr_block": "",
                "from_port": 0,
                "icmp_code": null,
                "icmp_type": null,
                "ipv6_cidr_block": "::/0",
                "protocol": "-1",
                "rule_no": 101,
                "to_port": 0
              },
              {
                "action": "allow",
                "cidr_block": "0.0.0.0/0",
                "from_port": 0,
                "icmp_code": null,
                "icmp_type": null,
                "ipv6_cidr_block": "",
                "protocol": "-1",
                "rule_no": 100,
                "to_port": 0
              }
            ],
            "id": "acl-0ef9f39e970e734d4",
            "ingress": [
              {
                "action": "allow",
                "cidr_block": "",
                "from_port": 0,
                "icmp_code": null,
                "icmp_type": null,
                "ipv6_cidr_block": "::/0",
                "protocol": "-1",
                "rule_no": 101,
                "to_port": 0
              },
              {
                "action": "allow",
                "cidr_block": "0.0.0.0/0",
                "from_port": 0,
                "icmp_code": null,
                "icmp_type": null,
                "ipv6_cidr_block": "",
                "protocol": "-1",
                "rule_no": 100,
                "to_port": 0
              }
            ],
            "owner_id": "858299572191",
            "subnet_ids": [
              "subnet-0094c589419defb13",
              "subnet-041ef447b400233de",
              "subnet-05ce405fbfe2a3603"
            ],
            "tags": {
              "Environment": "dev",
              "Name": "dev-default",
              "Terraform": "true"
            },
            "tags_all": {
              "Environment": "dev",
              "Name": "dev-default",
              "Terraform": "true"
            },
            "vpc_id": "vpc-070de206c17503e80"
          },
          "sensitive_attributes": [],
          "private": "bnVsbA==",
          "dependencies": [
            "module.blog_vpc.aws_vpc.this"
          ],
          "create_before_destroy": true
        }
      ]
    },
    {
      "module": "module.blog_vpc",
      "mode": "managed",
      "type": "aws_default_route_table",
      "name": "default",
      "provider": "provider[\"registry.terraform.io/hashicorp/aws\"]",
      "instances": [
        {
          "index_key": 0,
          "schema_version": 0,
          "attributes": {
            "arn": "arn:aws:ec2:us-east-2:858299572191:route-table/rtb-0cdb578a2cb4c8bd7",
            "default_route_table_id": "rtb-0cdb578a2cb4c8bd7",
            "id": "rtb-0cdb578a2cb4c8bd7",
            "owner_id": "858299572191",
            "propagating_vgws": null,
            "route": [],
            "tags": {
              "Environment": "dev",
              "Name": "dev-default",
              "Terraform": "true"
            },
            "tags_all": {
              "Environment": "dev",
              "Name": "dev-default",
              "Terraform": "true"
            },
            "timeouts": {
              "create": "5m",
              "update": "5m"
            },
            "vpc_id": "vpc-070de206c17503e80"
          },
          "sensitive_attributes": [],
          "private": "eyJlMmJmYjczMC1lY2FhLTExZTYtOGY4OC0zNDM2M2JjN2M0YzAiOnsiY3JlYXRlIjozMDAwMDAwMDAwMDAsInVwZGF0ZSI6MzAwMDAwMDAwMDAwfX0=",
          "dependencies": [
            "module.blog_vpc.aws_vpc.this"
          ],
          "create_before_destroy": true
        }
      ]
    },
    {
      "module": "module.blog_vpc",
      "mode": "managed",
      "type": "aws_default_security_group",
      "name": "this",
      "provider": "provider[\"registry.terraform.io/hashicorp/aws\"]",
      "instances": [
        {
          "index_key": 0,
          "schema_version": 1,
          "attributes": {
            "arn": "arn:aws:ec2:us-east-2:858299572191:security-group/sg-0c869ec702212a688",
            "description": "default VPC security group",
            "egress": [],
            "id": "sg-0c869ec702212a688",
            "ingress": [],
            "name": "default",
            "name_prefix": "",
            "owner_id": "858299572191",
            "revoke_rules_on_delete": false,
            "tags": {
              "Environment": "dev",
              "Name": "dev-default",
              "Terraform": "true"
            },
            "tags_all": {
              "Environment": "dev",
              "Name": "dev-default",
              "Terraform": "true"
            },
            "vpc_id": "vpc-070de206c17503e80"
          },
          "sensitive_attributes": [],
          "private": "eyJzY2hlbWFfdmVyc2lvbiI6IjEifQ==",
          "dependencies": [
            "module.blog_vpc.aws_vpc.this"
          ],
          "create_before_destroy": true
        }
      ]
    },
    {
      "module": "module.blog_vpc",
      "mode": "managed",
      "type": "aws_internet_gateway",
      "name": "this",
      "provider": "provider[\"registry.terraform.io/hashicorp/aws\"]",
      "instances": [
        {
          "index_key": 0,
          "schema_version": 0,
          "attributes": {
            "arn": "arn:aws:ec2:us-east-2:858299572191:internet-gateway/igw-0bca2d63a85de7576",
            "id": "igw-0bca2d63a85de7576",
            "owner_id": "858299572191",
            "tags": {
              "Environment": "dev",
              "Name": "dev",
              "Terraform": "true"
            },
            "tags_all": {
              "Environment": "dev",
              "Name": "dev",
              "Terraform": "true"
            },
            "timeouts": null,
            "vpc_id": "vpc-070de206c17503e80"
          },
          "sensitive_attributes": [],
          "private": "eyJlMmJmYjczMC1lY2FhLTExZTYtOGY4OC0zNDM2M2JjN2M0YzAiOnsiY3JlYXRlIjoxMjAwMDAwMDAwMDAwLCJkZWxldGUiOjEyMDAwMDAwMDAwMDAsInVwZGF0ZSI6MTIwMDAwMDAwMDAwMH19",
          "dependencies": [
            "module.blog_vpc.aws_vpc.this",
            "module.blog_vpc.aws_vpc_ipv4_cidr_block_association.this"
          ],
          "create_before_destroy": true
        }
      ]
    },
    {
      "module": "module.blog_vpc",
      "mode": "managed",
      "type": "aws_route",
      "name": "public_internet_gateway",
      "provider": "provider[\"registry.terraform.io/hashicorp/aws\"]",
      "instances": [
        {
          "index_key": 0,
          "schema_version": 0,
          "attributes": {
            "carrier_gateway_id": "",
            "core_network_arn": "",
            "destination_cidr_block": "0.0.0.0/0",
            "destination_ipv6_cidr_block": "",
            "destination_prefix_list_id": "",
            "egress_only_gateway_id": "",
            "gateway_id": "igw-0bca2d63a85de7576",
            "id": "r-rtb-0764d83a06a6fcc9b1080289494",
            "instance_id": "",
            "instance_owner_id": "",
            "local_gateway_id": "",
            "nat_gateway_id": "",
            "network_interface_id": "",
            "origin": "CreateRoute",
            "route_table_id": "rtb-0764d83a06a6fcc9b",
            "state": "active",
            "timeouts": {
              "create": "5m",
              "delete": null,
              "update": null
            },
            "transit_gateway_id": "",
            "vpc_endpoint_id": "",
            "vpc_peering_connection_id": ""
          },
          "sensitive_attributes": [],
          "private": "eyJlMmJmYjczMC1lY2FhLTExZTYtOGY4OC0zNDM2M2JjN2M0YzAiOnsiY3JlYXRlIjozMDAwMDAwMDAwMDAsImRlbGV0ZSI6MzAwMDAwMDAwMDAwLCJ1cGRhdGUiOjEyMDAwMDAwMDAwMH19",
          "dependencies": [
            "module.blog_vpc.aws_internet_gateway.this",
            "module.blog_vpc.aws_route_table.public",
            "module.blog_vpc.aws_vpc.this",
            "module.blog_vpc.aws_vpc_ipv4_cidr_block_association.this"
          ],
          "create_before_destroy": true
        }
      ]
    },
    {
      "module": "module.blog_vpc",
      "mode": "managed",
      "type": "aws_route_table",
      "name": "public",
      "provider": "provider[\"registry.terraform.io/hashicorp/aws\"]",
      "instances": [
        {
          "index_key": 0,
          "schema_version": 0,
          "attributes": {
            "arn": "arn:aws:ec2:us-east-2:858299572191:route-table/rtb-0764d83a06a6fcc9b",
            "id": "rtb-0764d83a06a6fcc9b",
            "owner_id": "858299572191",
            "propagating_vgws": [],
            "route": [],
            "tags": {
              "Environment": "dev",
              "Name": "dev-public",
              "Terraform": "true"
            },
            "tags_all": {
              "Environment": "dev",
              "Name": "dev-public",
              "Terraform": "true"
            },
            "timeouts": null,
            "vpc_id": "vpc-070de206c17503e80"
          },
          "sensitive_attributes": [],
          "private": "eyJlMmJmYjczMC1lY2FhLTExZTYtOGY4OC0zNDM2M2JjN2M0YzAiOnsiY3JlYXRlIjozMDAwMDAwMDAwMDAsImRlbGV0ZSI6MzAwMDAwMDAwMDAwLCJ1cGRhdGUiOjEyMDAwMDAwMDAwMH19",
          "dependencies": [
            "module.blog_vpc.aws_vpc.this",
            "module.blog_vpc.aws_vpc_ipv4_cidr_block_association.this"
          ],
          "create_before_destroy": true
        }
      ]
    },
    {
      "module": "module.blog_vpc",
      "mode": "managed",
      "type": "aws_route_table_association",
      "name": "public",
      "provider": "provider[\"registry.terraform.io/hashicorp/aws\"]",
      "instances": [
        {
          "index_key": 0,
          "schema_version": 0,
          "attributes": {
            "gateway_id": "",
            "id": "rtbassoc-020dc12158fd51bae",
            "route_table_id": "rtb-0764d83a06a6fcc9b",
            "subnet_id": "subnet-05ce405fbfe2a3603",
            "timeouts": null
          },
          "sensitive_attributes": [],
          "private": "eyJlMmJmYjczMC1lY2FhLTExZTYtOGY4OC0zNDM2M2JjN2M0YzAiOnsiY3JlYXRlIjozMDAwMDAwMDAwMDAsImRlbGV0ZSI6MzAwMDAwMDAwMDAwLCJ1cGRhdGUiOjEyMDAwMDAwMDAwMH19",
          "dependencies": [
            "module.blog_vpc.aws_route_table.public",
            "module.blog_vpc.aws_subnet.public",
            "module.blog_vpc.aws_vpc.this",
            "module.blog_vpc.aws_vpc_ipv4_cidr_block_association.this"
          ],
          "create_before_destroy": true
        },
        {
          "index_key": 1,
          "schema_version": 0,
          "attributes": {
            "gateway_id": "",
            "id": "rtbassoc-00fdc5d9c01af3031",
            "route_table_id": "rtb-0764d83a06a6fcc9b",
            "subnet_id": "subnet-041ef447b400233de",
            "timeouts": null
          },
          "sensitive_attributes": [],
          "private": "eyJlMmJmYjczMC1lY2FhLTExZTYtOGY4OC0zNDM2M2JjN2M0YzAiOnsiY3JlYXRlIjozMDAwMDAwMDAwMDAsImRlbGV0ZSI6MzAwMDAwMDAwMDAwLCJ1cGRhdGUiOjEyMDAwMDAwMDAwMH19",
          "dependencies": [
            "module.blog_vpc.aws_route_table.public",
            "module.blog_vpc.aws_subnet.public",
            "module.blog_vpc.aws_vpc.this",
            "module.blog_vpc.aws_vpc_ipv4_cidr_block_association.this"
          ],
          "create_before_destroy": true
        },
        {
          "index_key": 2,
          "schema_version": 0,
          "attributes": {
            "gateway_id": "",
            "id": "rtbassoc-0390bcae86b54a272",
            "route_table_id": "rtb-0764d83a06a6fcc9b",
            "subnet_id": "subnet-0094c589419defb13",
            "timeouts": null
          },
          "sensitive_attributes": [],
          "private": "eyJlMmJmYjczMC1lY2FhLTExZTYtOGY4OC0zNDM2M2JjN2M0YzAiOnsiY3JlYXRlIjozMDAwMDAwMDAwMDAsImRlbGV0ZSI6MzAwMDAwMDAwMDAwLCJ1cGRhdGUiOjEyMDAwMDAwMDAwMH19",
          "dependencies": [
            "module.blog_vpc.aws_route_table.public",
            "module.blog_vpc.aws_subnet.public",
            "module.blog_vpc.aws_vpc.this",
            "module.blog_vpc.aws_vpc_ipv4_cidr_block_association.this"
          ],
          "create_before_destroy": true
        }
      ]
    },
    {
      "module": "module.blog_vpc",
      "mode": "managed",
      "type": "aws_subnet",
      "name": "public",
      "provider": "provider[\"registry.terraform.io/hashicorp/aws\"]",
      "instances": [
        {
          "index_key": 0,
          "schema_version": 1,
          "attributes": {
            "arn": "arn:aws:ec2:us-east-2:858299572191:subnet/subnet-05ce405fbfe2a3603",
            "assign_ipv6_address_on_creation": false,
            "availability_zone": "us-east-2a",
            "availability_zone_id": "use2-az1",
            "cidr_block": "10.0.101.0/24",
            "customer_owned_ipv4_pool": "",
            "enable_dns64": false,
            "enable_lni_at_device_index": 0,
            "enable_resource_name_dns_a_record_on_launch": false,
            "enable_resource_name_dns_aaaa_record_on_launch": false,
            "id": "subnet-05ce405fbfe2a3603",
            "ipv6_cidr_block": "",
            "ipv6_cidr_block_association_id": "",
            "ipv6_native": false,
            "map_customer_owned_ip_on_launch": false,
            "map_public_ip_on_launch": false,
            "outpost_arn": "",
            "owner_id": "858299572191",
            "private_dns_hostname_type_on_launch": "ip-name",
            "tags": {
              "Environment": "dev",
              "Name": "dev-public-us-east-2a",
              "Terraform": "true"
            },
            "tags_all": {
              "Environment": "dev",
              "Name": "dev-public-us-east-2a",
              "Terraform": "true"
            },
            "timeouts": null,
            "vpc_id": "vpc-070de206c17503e80"
          },
          "sensitive_attributes": [],
          "private": "eyJlMmJmYjczMC1lY2FhLTExZTYtOGY4OC0zNDM2M2JjN2M0YzAiOnsiY3JlYXRlIjo2MDAwMDAwMDAwMDAsImRlbGV0ZSI6MTIwMDAwMDAwMDAwMH0sInNjaGVtYV92ZXJzaW9uIjoiMSJ9",
          "dependencies": [
            "module.blog_vpc.aws_vpc.this",
            "module.blog_vpc.aws_vpc_ipv4_cidr_block_association.this"
          ],
          "create_before_destroy": true
        },
        {
          "index_key": 1,
          "schema_version": 1,
          "attributes": {
            "arn": "arn:aws:ec2:us-east-2:858299572191:subnet/subnet-041ef447b400233de",
            "assign_ipv6_address_on_creation": false,
            "availability_zone": "us-east-2b",
            "availability_zone_id": "use2-az2",
            "cidr_block": "10.0.102.0/24",
            "customer_owned_ipv4_pool": "",
            "enable_dns64": false,
            "enable_lni_at_device_index": 0,
            "enable_resource_name_dns_a_record_on_launch": false,
            "enable_resource_name_dns_aaaa_record_on_launch": false,
            "id": "subnet-041ef447b400233de",
            "ipv6_cidr_block": "",
            "ipv6_cidr_block_association_id": "",
            "ipv6_native": false,
            "map_customer_owned_ip_on_launch": false,
            "map_public_ip_on_launch": false,
            "outpost_arn": "",
            "owner_id": "858299572191",
            "private_dns_hostname_type_on_launch": "ip-name",
            "tags": {
              "Environment": "dev",
              "Name": "dev-public-us-east-2b",
              "Terraform": "true"
            },
            "tags_all": {
              "Environment": "dev",
              "Name": "dev-public-us-east-2b",
              "Terraform": "true"
            },
            "timeouts": null,
            "vpc_id": "vpc-070de206c17503e80"
          },
          "sensitive_attributes": [],
          "private": "eyJlMmJmYjczMC1lY2FhLTExZTYtOGY4OC0zNDM2M2JjN2M0YzAiOnsiY3JlYXRlIjo2MDAwMDAwMDAwMDAsImRlbGV0ZSI6MTIwMDAwMDAwMDAwMH0sInNjaGVtYV92ZXJzaW9uIjoiMSJ9",
          "dependencies": [
            "module.blog_vpc.aws_vpc.this",
            "module.blog_vpc.aws_vpc_ipv4_cidr_block_association.this"
          ],
          "create_before_destroy": true
        },
        {
          "index_key": 2,
          "schema_version": 1,
          "attributes": {
            "arn": "arn:aws:ec2:us-east-2:858299572191:subnet/subnet-0094c589419defb13",
            "assign_ipv6_address_on_creation": false,
            "availability_zone": "us-east-2c",
            "availability_zone_id": "use2-az3",
            "cidr_block": "10.0.103.0/24",
            "customer_owned_ipv4_pool": "",
            "enable_dns64": false,
            "enable_lni_at_device_index": 0,
            "enable_resource_name_dns_a_record_on_launch": false,
            "enable_resource_name_dns_aaaa_record_on_launch": false,
            "id": "subnet-0094c589419defb13",
            "ipv6_cidr_block": "",
            "ipv6_cidr_block_association_id": "",
            "ipv6_native": false,
            "map_customer_owned_ip_on_launch": false,
            "map_public_ip_on_launch": false,
            "outpost_arn": "",
            "owner_id": "858299572191",
            "private_dns_hostname_type_on_launch": "ip-name",
            "tags": {
              "Environment": "dev",
              "Name": "dev-public-us-east-2c",
              "Terraform": "true"
            },
            "tags_all": {
              "Environment": "dev",
              "Name": "dev-public-us-east-2c",
              "Terraform": "true"
            },
            "timeouts": null,
            "vpc_id": "vpc-070de206c17503e80"
          },
          "sensitive_attributes": [],
          "private": "eyJlMmJmYjczMC1lY2FhLTExZTYtOGY4OC0zNDM2M2JjN2M0YzAiOnsiY3JlYXRlIjo2MDAwMDAwMDAwMDAsImRlbGV0ZSI6MTIwMDAwMDAwMDAwMH0sInNjaGVtYV92ZXJzaW9uIjoiMSJ9",
          "dependencies": [
            "module.blog_vpc.aws_vpc.this",
            "module.blog_vpc.aws_vpc_ipv4_cidr_block_association.this"
          ],
          "create_before_destroy": true
        }
      ]
    },
    {
      "module": "module.blog_vpc",
      "mode": "managed",
      "type": "aws_vpc",
      "name": "this",
      "provider": "provider[\"registry.terraform.io/hashicorp/aws\"]",
      "instances": [
        {
          "index_key": 0,
          "schema_version": 1,
          "attributes": {
            "arn": "arn:aws:ec2:us-east-2:858299572191:vpc/vpc-070de206c17503e80",
            "assign_generated_ipv6_cidr_block": false,
            "cidr_block": "10.0.0.0/16",
            "default_network_acl_id": "acl-0ef9f39e970e734d4",
            "default_route_table_id": "rtb-0cdb578a2cb4c8bd7",
            "default_security_group_id": "sg-0c869ec702212a688",
            "dhcp_options_id": "dopt-83195be8",
            "enable_dns_hostnames": true,
            "enable_dns_support": true,
            "enable_network_address_usage_metrics": false,
            "id": "vpc-070de206c17503e80",
            "instance_tenancy": "default",
            "ipv4_ipam_pool_id": null,
            "ipv4_netmask_length": null,
            "ipv6_association_id": "",
            "ipv6_cidr_block": "",
            "ipv6_cidr_block_network_border_group": "",
            "ipv6_ipam_pool_id": "",
            "ipv6_netmask_length": 0,
            "main_route_table_id": "rtb-0cdb578a2cb4c8bd7",
            "owner_id": "858299572191",
            "tags": {
              "Environment": "dev",
              "Name": "dev",
              "Terraform": "true"
            },
            "tags_all": {
              "Environment": "dev",
              "Name": "dev",
              "Terraform": "true"
            }
          },
          "sensitive_attributes": [],
          "private": "eyJzY2hlbWFfdmVyc2lvbiI6IjEifQ==",
          "create_before_destroy": true
        }
      ]
    }
  ],
  "check_results": null
}
